
Microsoft Visual Studio Solution File, Format Version 12.00
# Visual Studio Version 17
VisualStudioVersion = 17.8.34322.80
MinimumVisualStudioVersion = 10.0.40219.1
Project("{FAE04EC0-301F-11D3-BF4B-00C04F79EFBC}") = "TP 2 GitHub", "TP 2 GitHub\TP 2 GitHub.csproj", "{2432FD49-0368-4D33-BF75-3C3B3C8D82DC}"
EndProject
Global
	GlobalSection(SolutionConfigurationPlatforms) = preSolution
		Debug|Any CPU = Debug|Any CPU
		Release|Any CPU = Release|Any CPU
	EndGlobalSection
	GlobalSection(ProjectConfigurationPlatforms) = postSolution
		{2432FD49-0368-4D33-BF75-3C3B3C8D82DC}.Debug|Any CPU.ActiveCfg = Debug|Any CPU
		{2432FD49-0368-4D33-BF75-3C3B3C8D82DC}.Debug|Any CPU.Build.0 = Debug|Any CPU
		{2432FD49-0368-4D33-BF75-3C3B3C8D82DC}.Release|Any CPU.ActiveCfg = Release|Any CPU
		{2432FD49-0368-4D33-BF75-3C3B3C8D82DC}.Release|Any CPU.Build.0 = Release|Any CPU
	EndGlobalSection
	GlobalSection(SolutionProperties) = preSolution
		HideSolutionNode = FALSE
	EndGlobalSection
	GlobalSection(ExtensibilityGlobals) = postSolution
		SolutionGuid = {88A66F17-86D9-4CB0-8D45-15346489A75F}
	EndGlobalSection
EndGlobal
